
Microsoft Visual Studio Solution File, Format Version 12.00
# Visual Studio 15
VisualStudioVersion = 15.0.28010.2050
MinimumVisualStudioVersion = 10.0.40219.1
Project("{FAE04EC0-301F-11D3-BF4B-00C04F79EFBC}") = "Pets", "Pets\Pets.csproj", "{481D016C-D593-4B8D-B899-4AC0DF5CAF50}"
EndProject
Global
	GlobalSection(SolutionConfigurationPlatforms) = preSolution
		Debug|Any CPU = Debug|Any CPU
		Release|Any CPU = Release|Any CPU
	EndGlobalSection
	GlobalSection(ProjectConfigurationPlatforms) = postSolution
		{481D016C-D593-4B8D-B899-4AC0DF5CAF50}.Debug|Any CPU.ActiveCfg = Debug|Any CPU
		{481D016C-D593-4B8D-B899-4AC0DF5CAF50}.Debug|Any CPU.Build.0 = Debug|Any CPU
		{481D016C-D593-4B8D-B899-4AC0DF5CAF50}.Release|Any CPU.ActiveCfg = Release|Any CPU
		{481D016C-D593-4B8D-B899-4AC0DF5CAF50}.Release|Any CPU.Build.0 = Release|Any CPU
	EndGlobalSection
	GlobalSection(SolutionProperties) = preSolution
		HideSolutionNode = FALSE
	EndGlobalSection
	GlobalSection(ExtensibilityGlobals) = postSolution
		SolutionGuid = {9893EFD6-0657-40B7-959D-3EC09F867FF7}
	EndGlobalSection
EndGlobal
